// !$*UTF8*$!
{
	archiveVersion = 1;
	classes = {
	};
	objectVersion = 46;
	objects = {

/* Begin PBXBuildFile section */
		1AE92B531DD33C00008A2F6D /* CoreBluetooth.framework in Frameworks */ = {isa = PBXBuildFile; fileRef = 1AE92B521DD33C00008A2F6D /* CoreBluetooth.framework */; };
		225DFAC21830E95A006EA256 /* Cocoa.framework in Frameworks */ = {isa = PBXBuildFile; fileRef = 225DFAC11830E95A006EA256 /* Cocoa.framework */; };
		225DFACC1830E95A006EA256 /* InfoPlist.strings in Resources */ = {isa = PBXBuildFile; fileRef = 225DFACA1830E95A006EA256 /* InfoPlist.strings */; };
		225DFACE1830E95A006EA256 /* main.m in Sources */ = {isa = PBXBuildFile; fileRef = 225DFACD1830E95A006EA256 /* main.m */; };
		225DFAD21830E95A006EA256 /* Credits.rtf in Resources */ = {isa = PBXBuildFile; fileRef = 225DFAD01830E95A006EA256 /* Credits.rtf */; };
		225DFAD51830E95A006EA256 /* CMAppDelegate.m in Sources */ = {isa = PBXBuildFile; fileRef = 225DFAD41830E95A006EA256 /* CMAppDelegate.m */; };
		225DFAD81830E95A006EA256 /* MainMenu.xib in Resources */ = {isa = PBXBuildFile; fileRef = 225DFAD61830E95A006EA256 /* MainMenu.xib */; };
		225DFADA1830E95A006EA256 /* Images.xcassets in Resources */ = {isa = PBXBuildFile; fileRef = 225DFAD91830E95A006EA256 /* Images.xcassets */; };
		225DFAE11830E95A006EA256 /* XCTest.framework in Frameworks */ = {isa = PBXBuildFile; fileRef = 225DFAE01830E95A006EA256 /* XCTest.framework */; };
		225DFAE21830E95A006EA256 /* Cocoa.framework in Frameworks */ = {isa = PBXBuildFile; fileRef = 225DFAC11830E95A006EA256 /* Cocoa.framework */; };
		225DFAEA1830E95A006EA256 /* InfoPlist.strings in Resources */ = {isa = PBXBuildFile; fileRef = 225DFAE81830E95A006EA256 /* InfoPlist.strings */; };
		225DFAEC1830E95A006EA256 /* ActsAsBeaconTests.m in Sources */ = {isa = PBXBuildFile; fileRef = 225DFAEB1830E95A006EA256 /* ActsAsBeaconTests.m */; };
		225DFAF71830E9A0006EA256 /* CMBeaconAdvertismentData.m in Sources */ = {isa = PBXBuildFile; fileRef = 225DFAF61830E9A0006EA256 /* CMBeaconAdvertismentData.m */; };
		225DFAF91830EA05006EA256 /* IOBluetooth.framework in Frameworks */ = {isa = PBXBuildFile; fileRef = 225DFAF81830EA05006EA256 /* IOBluetooth.framework */; };
/* End PBXBuildFile section */

/* Begin PBXContainerItemProxy section */
		225DFAE31830E95A006EA256 /* PBXContainerItemProxy */ = {
			isa = PBXContainerItemProxy;
			containerPortal = 225DFAB61830E95A006EA256 /* Project object */;
			proxyType = 1;
			remoteGlobalIDString = 225DFABD1830E95A006EA256;
			remoteInfo = ActsAsBeacon;
		};
/* End PBXContainerItemProxy section */

/* Begin PBXFileReference section */
		1AE92B521DD33C00008A2F6D /* CoreBluetooth.framework */ = {isa = PBXFileReference; lastKnownFileType = wrapper.framework; name = CoreBluetooth.framework; path = System/Library/Frameworks/CoreBluetooth.framework; sourceTree = SDKROOT; };
		225DFABE1830E95A006EA256 /* MactsAsBeacon.app */ = {isa = PBXFileReference; explicitFileType = wrapper.application; includeInIndex = 0; path = MactsAsBeacon.app; sourceTree = BUILT_PRODUCTS_DIR; };
		225DFAC11830E95A006EA256 /* Cocoa.framework */ = {isa = PBXFileReference; lastKnownFileType = wrapper.framework; name = Cocoa.framework; path = System/Library/Frameworks/Cocoa.framework; sourceTree = SDKROOT; };
		225DFAC41830E95A006EA256 /* AppKit.framework */ = {isa = PBXFileReference; lastKnownFileType = wrapper.framework; name = AppKit.framework; path = System/Library/Frameworks/AppKit.framework; sourceTree = SDKROOT; };
		225DFAC51830E95A006EA256 /* CoreData.framework */ = {isa = PBXFileReference; lastKnownFileType = wrapper.framework; name = CoreData.framework; path = System/Library/Frameworks/CoreData.framework; sourceTree = SDKROOT; };
		225DFAC61830E95A006EA256 /* Foundation.framework */ = {isa = PBXFileReference; lastKnownFileType = wrapper.framework; name = Foundation.framework; path = System/Library/Frameworks/Foundation.framework; sourceTree = SDKROOT; };
		225DFAC91830E95A006EA256 /* MactsAsBeacon-Info.plist */ = {isa = PBXFileReference; lastKnownFileType = text.plist.xml; path = "MactsAsBeacon-Info.plist"; sourceTree = "<group>"; };
		225DFACB1830E95A006EA256 /* en */ = {isa = PBXFileReference; lastKnownFileType = text.plist.strings; name = en; path = en.lproj/InfoPlist.strings; sourceTree = "<group>"; };
		225DFACD1830E95A006EA256 /* main.m */ = {isa = PBXFileReference; lastKnownFileType = sourcecode.c.objc; path = main.m; sourceTree = "<group>"; };
		225DFACF1830E95A006EA256 /* ActsAsBeacon-Prefix.pch */ = {isa = PBXFileReference; lastKnownFileType = sourcecode.c.h; path = "ActsAsBeacon-Prefix.pch"; sourceTree = "<group>"; };
		225DFAD11830E95A006EA256 /* en */ = {isa = PBXFileReference; lastKnownFileType = text.rtf; name = en; path = en.lproj/Credits.rtf; sourceTree = "<group>"; };
		225DFAD31830E95A006EA256 /* CMAppDelegate.h */ = {isa = PBXFileReference; lastKnownFileType = sourcecode.c.h; path = CMAppDelegate.h; sourceTree = "<group>"; };
		225DFAD41830E95A006EA256 /* CMAppDelegate.m */ = {isa = PBXFileReference; lastKnownFileType = sourcecode.c.objc; path = CMAppDelegate.m; sourceTree = "<group>"; };
		225DFAD71830E95A006EA256 /* Base */ = {isa = PBXFileReference; lastKnownFileType = file.xib; name = Base; path = Base.lproj/MainMenu.xib; sourceTree = "<group>"; };
		225DFAD91830E95A006EA256 /* Images.xcassets */ = {isa = PBXFileReference; lastKnownFileType = folder.assetcatalog; path = Images.xcassets; sourceTree = "<group>"; };
		225DFADF1830E95A006EA256 /* MactsAsBeaconTests.xctest */ = {isa = PBXFileReference; explicitFileType = wrapper.cfbundle; includeInIndex = 0; path = MactsAsBeaconTests.xctest; sourceTree = BUILT_PRODUCTS_DIR; };
		225DFAE01830E95A006EA256 /* XCTest.framework */ = {isa = PBXFileReference; lastKnownFileType = wrapper.framework; name = XCTest.framework; path = Library/Frameworks/XCTest.framework; sourceTree = DEVELOPER_DIR; };
		225DFAE71830E95A006EA256 /* MactsAsBeaconTests-Info.plist */ = {isa = PBXFileReference; lastKnownFileType = text.plist.xml; path = "MactsAsBeaconTests-Info.plist"; sourceTree = "<group>"; };
		225DFAE91830E95A006EA256 /* en */ = {isa = PBXFileReference; lastKnownFileType = text.plist.strings; name = en; path = en.lproj/InfoPlist.strings; sourceTree = "<group>"; };
		225DFAEB1830E95A006EA256 /* ActsAsBeaconTests.m */ = {isa = PBXFileReference; lastKnownFileType = sourcecode.c.objc; path = ActsAsBeaconTests.m; sourceTree = "<group>"; };
		225DFAF51830E9A0006EA256 /* CMBeaconAdvertismentData.h */ = {isa = PBXFileReference; fileEncoding = 4; lastKnownFileType = sourcecode.c.h; path = CMBeaconAdvertismentData.h; sourceTree = "<group>"; };
		225DFAF61830E9A0006EA256 /* CMBeaconAdvertismentData.m */ = {isa = PBXFileReference; fileEncoding = 4; lastKnownFileType = sourcecode.c.objc; path = CMBeaconAdvertismentData.m; sourceTree = "<group>"; };
		225DFAF81830EA05006EA256 /* IOBluetooth.framework */ = {isa = PBXFileReference; lastKnownFileType = wrapper.framework; name = IOBluetooth.framework; path = System/Library/Frameworks/IOBluetooth.framework; sourceTree = SDKROOT; };
/* End PBXFileReference section */

/* Begin PBXFrameworksBuildPhase section */
		225DFABB1830E95A006EA256 /* Frameworks */ = {
			isa = PBXFrameworksBuildPhase;
			buildActionMask = 2147483647;
			files = (
				1AE92B531DD33C00008A2F6D /* CoreBluetooth.framework in Frameworks */,
				225DFAF91830EA05006EA256 /* IOBluetooth.framework in Frameworks */,
				225DFAC21830E95A006EA256 /* Cocoa.framework in Frameworks */,
			);
			runOnlyForDeploymentPostprocessing = 0;
		};
		225DFADC1830E95A006EA256 /* Frameworks */ = {
			isa = PBXFrameworksBuildPhase;
			buildActionMask = 2147483647;
			files = (
				225DFAE21830E95A006EA256 /* Cocoa.framework in Frameworks */,
				225DFAE11830E95A006EA256 /* XCTest.framework in Frameworks */,
			);
			runOnlyForDeploymentPostprocessing = 0;
		};
/* End PBXFrameworksBuildPhase section */

/* Begin PBXGroup section */
		225DFAB51830E95A006EA256 = {
			isa = PBXGroup;
			children = (
				225DFAC71830E95A006EA256 /* ActsAsBeacon */,
				225DFAE51830E95A006EA256 /* ActsAsBeaconTests */,
				225DFAC01830E95A006EA256 /* Frameworks */,
				225DFABF1830E95A006EA256 /* Products */,
			);
			sourceTree = "<group>";
		};
		225DFABF1830E95A006EA256 /* Products */ = {
			isa = PBXGroup;
			children = (
				225DFABE1830E95A006EA256 /* MactsAsBeacon.app */,
				225DFADF1830E95A006EA256 /* MactsAsBeaconTests.xctest */,
			);
			name = Products;
			sourceTree = "<group>";
		};
		225DFAC01830E95A006EA256 /* Frameworks */ = {
			isa = PBXGroup;
			children = (
				1AE92B521DD33C00008A2F6D /* CoreBluetooth.framework */,
				225DFAF81830EA05006EA256 /* IOBluetooth.framework */,
				225DFAC11830E95A006EA256 /* Cocoa.framework */,
				225DFAE01830E95A006EA256 /* XCTest.framework */,
				225DFAC31830E95A006EA256 /* Other Frameworks */,
			);
			name = Frameworks;
			sourceTree = "<group>";
		};
		225DFAC31830E95A006EA256 /* Other Frameworks */ = {
			isa = PBXGroup;
			children = (
				225DFAC41830E95A006EA256 /* AppKit.framework */,
				225DFAC51830E95A006EA256 /* CoreData.framework */,
				225DFAC61830E95A006EA256 /* Foundation.framework */,
			);
			name = "Other Frameworks";
			sourceTree = "<group>";
		};
		225DFAC71830E95A006EA256 /* ActsAsBeacon */ = {
			isa = PBXGroup;
			children = (
				225DFAD31830E95A006EA256 /* CMAppDelegate.h */,
				225DFAD41830E95A006EA256 /* CMAppDelegate.m */,
				225DFAD61830E95A006EA256 /* MainMenu.xib */,
				225DFAD91830E95A006EA256 /* Images.xcassets */,
				225DFAC81830E95A006EA256 /* Supporting Files */,
				225DFAF51830E9A0006EA256 /* CMBeaconAdvertismentData.h */,
				225DFAF61830E9A0006EA256 /* CMBeaconAdvertismentData.m */,
			);
			path = ActsAsBeacon;
			sourceTree = "<group>";
		};
		225DFAC81830E95A006EA256 /* Supporting Files */ = {
			isa = PBXGroup;
			children = (
				225DFAC91830E95A006EA256 /* MactsAsBeacon-Info.plist */,
				225DFACA1830E95A006EA256 /* InfoPlist.strings */,
				225DFACD1830E95A006EA256 /* main.m */,
				225DFACF1830E95A006EA256 /* ActsAsBeacon-Prefix.pch */,
				225DFAD01830E95A006EA256 /* Credits.rtf */,
			);
			name = "Supporting Files";
			sourceTree = "<group>";
		};
		225DFAE51830E95A006EA256 /* ActsAsBeaconTests */ = {
			isa = PBXGroup;
			children = (
				225DFAEB1830E95A006EA256 /* ActsAsBeaconTests.m */,
				225DFAE61830E95A006EA256 /* Supporting Files */,
			);
			path = ActsAsBeaconTests;
			sourceTree = "<group>";
		};
		225DFAE61830E95A006EA256 /* Supporting Files */ = {
			isa = PBXGroup;
			children = (
				225DFAE71830E95A006EA256 /* MactsAsBeaconTests-Info.plist */,
				225DFAE81830E95A006EA256 /* InfoPlist.strings */,
			);
			name = "Supporting Files";
			sourceTree = "<group>";
		};
/* End PBXGroup section */

/* Begin PBXNativeTarget section */
		225DFABD1830E95A006EA256 /* MactsAsBeacon */ = {
			isa = PBXNativeTarget;
			buildConfigurationList = 225DFAEF1830E95A006EA256 /* Build configuration list for PBXNativeTarget "MactsAsBeacon" */;
			buildPhases = (
				225DFABA1830E95A006EA256 /* Sources */,
				225DFABB1830E95A006EA256 /* Frameworks */,
				225DFABC1830E95A006EA256 /* Resources */,
			);
			buildRules = (
			);
			dependencies = (
			);
			name = MactsAsBeacon;
			productName = ActsAsBeacon;
			productReference = 225DFABE1830E95A006EA256 /* MactsAsBeacon.app */;
			productType = "com.apple.product-type.application";
		};
		225DFADE1830E95A006EA256 /* MactsAsBeaconTests */ = {
			isa = PBXNativeTarget;
			buildConfigurationList = 225DFAF21830E95A006EA256 /* Build configuration list for PBXNativeTarget "MactsAsBeaconTests" */;
			buildPhases = (
				225DFADB1830E95A006EA256 /* Sources */,
				225DFADC1830E95A006EA256 /* Frameworks */,
				225DFADD1830E95A006EA256 /* Resources */,
			);
			buildRules = (
			);
			dependencies = (
				225DFAE41830E95A006EA256 /* PBXTargetDependency */,
			);
			name = MactsAsBeaconTests;
			productName = ActsAsBeaconTests;
			productReference = 225DFADF1830E95A006EA256 /* MactsAsBeaconTests.xctest */;
			productType = "com.apple.product-type.bundle.unit-test";
		};
/* End PBXNativeTarget section */

/* Begin PBXProject section */
		225DFAB61830E95A006EA256 /* Project object */ = {
			isa = PBXProject;
			attributes = {
				CLASSPREFIX = CM;
				LastUpgradeCheck = 0800;
				ORGANIZATIONNAME = "Charismatic Megafauna Ltd";
				TargetAttributes = {
					225DFADE1830E95A006EA256 = {
						TestTargetID = 225DFABD1830E95A006EA256;
					};
				};
			};
			buildConfigurationList = 225DFAB91830E95A006EA256 /* Build configuration list for PBXProject "MactsAsBeacon" */;
			compatibilityVersion = "Xcode 3.2";
			developmentRegion = English;
			hasScannedForEncodings = 0;
			knownRegions = (
				en,
				Base,
			);
			mainGroup = 225DFAB51830E95A006EA256;
			productRefGroup = 225DFABF1830E95A006EA256 /* Products */;
			projectDirPath = "";
			projectRoot = "";
			targets = (
				225DFABD1830E95A006EA256 /* MactsAsBeacon */,
				225DFADE1830E95A006EA256 /* MactsAsBeaconTests */,
			);
		};
/* End PBXProject section */

/* Begin PBXResourcesBuildPhase section */
		225DFABC1830E95A006EA256 /* Resources */ = {
			isa = PBXResourcesBuildPhase;
			buildActionMask = 2147483647;
			files = (
				225DFACC1830E95A006EA256 /* InfoPlist.strings in Resources */,
				225DFADA1830E95A006EA256 /* Images.xcassets in Resources */,
				225DFAD21830E95A006EA256 /* Credits.rtf in Resources */,
				225DFAD81830E95A006EA256 /* MainMenu.xib in Resources */,
			);
			runOnlyForDeploymentPostprocessing = 0;
		};
		225DFADD1830E95A006EA256 /* Resources */ = {
			isa = PBXResourcesBuildPhase;
			buildActionMask = 2147483647;
			files = (
				225DFAEA1830E95A006EA256 /* InfoPlist.strings in Resources */,
			);
			runOnlyForDeploymentPostprocessing = 0;
		};
/* End PBXResourcesBuildPhase section */

/* Begin PBXSourcesBuildPhase section */
		225DFABA1830E95A006EA256 /* Sources */ = {
			isa = PBXSourcesBuildPhase;
			buildActionMask = 2147483647;
			files = (
				225DFAD51830E95A006EA256 /* CMAppDelegate.m in Sources */,
				225DFAF71830E9A0006EA256 /* CMBeaconAdvertismentData.m in Sources */,
				225DFACE1830E95A006EA256 /* main.m in Sources */,
			);
			runOnlyForDeploymentPostprocessing = 0;
		};
		225DFADB1830E95A006EA256 /* Sources */ = {
			isa = PBXSourcesBuildPhase;
			buildActionMask = 2147483647;
			files = (
				225DFAEC1830E95A006EA256 /* ActsAsBeaconTests.m in Sources */,
			);
			runOnlyForDeploymentPostprocessing = 0;
		};
/* End PBXSourcesBuildPhase section */

/* Begin PBXTargetDependency section */
		225DFAE41830E95A006EA256 /* PBXTargetDependency */ = {
			isa = PBXTargetDependency;
			target = 225DFABD1830E95A006EA256 /* MactsAsBeacon */;
			targetProxy = 225DFAE31830E95A006EA256 /* PBXContainerItemProxy */;
		};
/* End PBXTargetDependency section */

/* Begin PBXVariantGroup section */
		225DFACA1830E95A006EA256 /* InfoPlist.strings */ = {
			isa = PBXVariantGroup;
			children = (
				225DFACB1830E95A006EA256 /* en */,
			);
			name = InfoPlist.strings;
			sourceTree = "<group>";
		};
		225DFAD01830E95A006EA256 /* Credits.rtf */ = {
			isa = PBXVariantGroup;
			children = (
				225DFAD11830E95A006EA256 /* en */,
			);
			name = Credits.rtf;
			sourceTree = "<group>";
		};
		225DFAD61830E95A006EA256 /* MainMenu.xib */ = {
			isa = PBXVariantGroup;
			children = (
				225DFAD71830E95A006EA256 /* Base */,
			);
			name = MainMenu.xib;
			sourceTree = "<group>";
		};
		225DFAE81830E95A006EA256 /* InfoPlist.strings */ = {
			isa = PBXVariantGroup;
			children = (
				225DFAE91830E95A006EA256 /* en */,
			);
			name = InfoPlist.strings;
			sourceTree = "<group>";
		};
/* End PBXVariantGroup section */

/* Begin XCBuildConfiguration section */
		225DFAED1830E95A006EA256 /* Debug */ = {
			isa = XCBuildConfiguration;
			buildSettings = {
				ALWAYS_SEARCH_USER_PATHS = NO;
				CLANG_CXX_LANGUAGE_STANDARD = "gnu++0x";
				CLANG_CXX_LIBRARY = "libc++";
				CLANG_ENABLE_OBJC_ARC = YES;
				CLANG_WARN_BOOL_CONVERSION = YES;
				CLANG_WARN_CONSTANT_CONVERSION = YES;
				CLANG_WARN_DIRECT_OBJC_ISA_USAGE = YES_ERROR;
				CLANG_WARN_EMPTY_BODY = YES;
				CLANG_WARN_ENUM_CONVERSION = YES;
				CLANG_WARN_INFINITE_RECURSION = YES;
				CLANG_WARN_INT_CONVERSION = YES;
				CLANG_WARN_OBJC_ROOT_CLASS = YES_ERROR;
				CLANG_WARN_SUSPICIOUS_MOVE = YES;
				CLANG_WARN_UNREACHABLE_CODE = YES;
				CLANG_WARN__DUPLICATE_METHOD_MATCH = YES;
				COPY_PHASE_STRIP = NO;
				ENABLE_STRICT_OBJC_MSGSEND = YES;
				ENABLE_TESTABILITY = YES;
				GCC_C_LANGUAGE_STANDARD = gnu99;
				GCC_DYNAMIC_NO_PIC = NO;
				GCC_ENABLE_OBJC_EXCEPTIONS = YES;
				GCC_NO_COMMON_BLOCKS = YES;
				GCC_OPTIMIZATION_LEVEL = 0;
				GCC_PREPROCESSOR_DEFINITIONS = (
					"DEBUG=1",
					"$(inherited)",
				);
				GCC_SYMBOLS_PRIVATE_EXTERN = NO;
				GCC_WARN_64_TO_32_BIT_CONVERSION = YES;
				GCC_WARN_ABOUT_RETURN_TYPE = YES_ERROR;
				GCC_WARN_UNDECLARED_SELECTOR = YES;
				GCC_WARN_UNINITIALIZED_AUTOS = YES;
				GCC_WARN_UNUSED_FUNCTION = YES;
				GCC_WARN_UNUSED_VARIABLE = YES;
				MACOSX_DEPLOYMENT_TARGET = 10.9;
				ONLY_ACTIVE_ARCH = YES;
				SDKROOT = macosx;
			};
			name = Debug;
		};
		225DFAEE1830E95A006EA256 /* Release */ = {
			isa = XCBuildConfiguration;
			buildSettings = {
				ALWAYS_SEARCH_USER_PATHS = NO;
				CLANG_CXX_LANGUAGE_STANDARD = "gnu++0x";
				CLANG_CXX_LIBRARY = "libc++";
				CLANG_ENABLE_OBJC_ARC = YES;
				CLANG_WARN_BOOL_CONVERSION = YES;
				CLANG_WARN_CONSTANT_CONVERSION = YES;
				CLANG_WARN_DIRECT_OBJC_ISA_USAGE = YES_ERROR;
				CLANG_WARN_EMPTY_BODY = YES;
				CLANG_WARN_ENUM_CONVERSION = YES;
				CLANG_WARN_INFINITE_RECURSION = YES;
				CLANG_WARN_INT_CONVERSION = YES;
				CLANG_WARN_OBJC_ROOT_CLASS = YES_ERROR;
				CLANG_WARN_SUSPICIOUS_MOVE = YES;
				CLANG_WARN_UNREACHABLE_CODE = YES;
				CLANG_WARN__DUPLICATE_METHOD_MATCH = YES;
				COPY_PHASE_STRIP = YES;
				DEBUG_INFORMATION_FORMAT = "dwarf-with-dsym";
				ENABLE_NS_ASSERTIONS = NO;
				ENABLE_STRICT_OBJC_MSGSEND = YES;
				GCC_C_LANGUAGE_STANDARD = gnu99;
				GCC_ENABLE_OBJC_EXCEPTIONS = YES;
				GCC_NO_COMMON_BLOCKS = YES;
				GCC_WARN_64_TO_32_BIT_CONVERSION = YES;
				GCC_WARN_ABOUT_RETURN_TYPE = YES_ERROR;
				GCC_WARN_UNDECLARED_SELECTOR = YES;
				GCC_WARN_UNINITIALIZED_AUTOS = YES;
				GCC_WARN_UNUSED_FUNCTION = YES;
				GCC_WARN_UNUSED_VARIABLE = YES;
				MACOSX_DEPLOYMENT_TARGET = 10.9;
				SDKROOT = macosx;
			};
			name = Release;
		};
		225DFAF01830E95A006EA256 /* Debug */ = {
			isa = XCBuildConfiguration;
			buildSettings = {
				ASSETCATALOG_COMPILER_APPICON_NAME = AppIcon;
				COMBINE_HIDPI_IMAGES = YES;
				GCC_PRECOMPILE_PREFIX_HEADER = YES;
				GCC_PREFIX_HEADER = "ActsAsBeacon/MactsAsBeacon-Prefix.pch";
				INFOPLIST_FILE = "ActsAsBeacon/MactsAsBeacon-Info.plist";
				PRODUCT_BUNDLE_IDENTIFIER = "uk.co.charismaticmegafauna.${PRODUCT_NAME:rfc1034identifier}";
				PRODUCT_NAME = MactsAsBeacon;
				WRAPPER_EXTENSION = app;
			};
			name = Debug;
		};
		225DFAF11830E95A006EA256 /* Release */ = {
			isa = XCBuildConfiguration;
			buildSettings = {
				ASSETCATALOG_COMPILER_APPICON_NAME = AppIcon;
				COMBINE_HIDPI_IMAGES = YES;
				GCC_PRECOMPILE_PREFIX_HEADER = YES;
				GCC_PREFIX_HEADER = "ActsAsBeacon/MactsAsBeacon-Prefix.pch";
				INFOPLIST_FILE = "ActsAsBeacon/MactsAsBeacon-Info.plist";
				PRODUCT_BUNDLE_IDENTIFIER = "uk.co.charismaticmegafauna.${PRODUCT_NAME:rfc1034identifier}";
				PRODUCT_NAME = MactsAsBeacon;
				WRAPPER_EXTENSION = app;
			};
			name = Release;
		};
		225DFAF31830E95A006EA256 /* Debug */ = {
			isa = XCBuildConfiguration;
			buildSettings = {
				BUNDLE_LOADER = "$(BUILT_PRODUCTS_DIR)/ActsAsBeacon.app/Contents/MacOS/ActsAsBeacon";
				COMBINE_HIDPI_IMAGES = YES;
				FRAMEWORK_SEARCH_PATHS = (
					"$(DEVELOPER_FRAMEWORKS_DIR)",
					"$(inherited)",
				);
				GCC_PRECOMPILE_PREFIX_HEADER = YES;
				GCC_PREFIX_HEADER = "ActsAsBeacon/ActsAsBeacon-Prefix.pch";
				GCC_PREPROCESSOR_DEFINITIONS = (
					"DEBUG=1",
					"$(inherited)",
				);
				INFOPLIST_FILE = "ActsAsBeaconTests/MactsAsBeaconTests-Info.plist";
				PRODUCT_BUNDLE_IDENTIFIER = "uk.co.charismaticmegafauna.${PRODUCT_NAME:rfc1034identifier}";
				PRODUCT_NAME = MactsAsBeaconTests;
				TEST_HOST = "$(BUNDLE_LOADER)";
				WRAPPER_EXTENSION = xctest;
			};
			name = Debug;
		};
		225DFAF41830E95A006EA256 /* Release */ = {
			isa = XCBuildConfiguration;
			buildSettings = {
				BUNDLE_LOADER = "$(BUILT_PRODUCTS_DIR)/ActsAsBeacon.app/Contents/MacOS/ActsAsBeacon";
				COMBINE_HIDPI_IMAGES = YES;
				FRAMEWORK_SEARCH_PATHS = (
					"$(DEVELOPER_FRAMEWORKS_DIR)",
					"$(inherited)",
				);
				GCC_PRECOMPILE_PREFIX_HEADER = YES;
				GCC_PREFIX_HEADER = "ActsAsBeacon/ActsAsBeacon-Prefix.pch";
				INFOPLIST_FILE = "ActsAsBeaconTests/MactsAsBeaconTests-Info.plist";
				PRODUCT_BUNDLE_IDENTIFIER = "uk.co.charismaticmegafauna.${PRODUCT_NAME:rfc1034identifier}";
				PRODUCT_NAME = MactsAsBeaconTests;
				TEST_HOST = "$(BUNDLE_LOADER)";
				WRAPPER_EXTENSION = xctest;
			};
			name = Release;
		};
/* End XCBuildConfiguration section */

/* Begin XCConfigurationList section */
		225DFAB91830E95A006EA256 /* Build configuration list for PBXProject "MactsAsBeacon" */ = {
			isa = XCConfigurationList;
			buildConfigurations = (
				225DFAED1830E95A006EA256 /* Debug */,
				225DFAEE1830E95A006EA256 /* Release */,
			);
			defaultConfigurationIsVisible = 0;
			defaultConfigurationName = Release;
		};
		225DFAEF1830E95A006EA256 /* Build configuration list for PBXNativeTarget "MactsAsBeacon" */ = {
			isa = XCConfigurationList;
			buildConfigurations = (
				225DFAF01830E95A006EA256 /* Debug */,
				225DFAF11830E95A006EA256 /* Release */,
			);
			defaultConfigurationIsVisible = 0;
			defaultConfigurationName = Release;
		};
		225DFAF21830E95A006EA256 /* Build configuration list for PBXNativeTarget "MactsAsBeaconTests" */ = {
			isa = XCConfigurationList;
			buildConfigurations = (
				225DFAF31830E95A006EA256 /* Debug */,
				225DFAF41830E95A006EA256 /* Release */,
			);
			defaultConfigurationIsVisible = 0;
			defaultConfigurationName = Release;
		};
/* End XCConfigurationList section */
	};
	rootObject = 225DFAB61830E95A006EA256 /* Project object */;
}
